Microsoft Visual Studio Solution File, Format Version 12.00
# Visual Studio Version 17
VisualStudioVersion = 17.5.2.0
MinimumVisualStudioVersion = 10.0.40219.1
Project("{FAE04EC0-301F-11D3-BF4B-00C04F79EFBC}") = "gestao-producao", "gestao-producao.csproj", "{ED1A7172-3103-FAA3-32D4-79BF87A7E821}"
EndProject
Global
	GlobalSection(SolutionConfigurationPlatforms) = preSolution
		Debug|Any CPU = Debug|Any CPU
		Release|Any CPU = Release|Any CPU
	EndGlobalSection
	GlobalSection(ProjectConfigurationPlatforms) = postSolution
		{ED1A7172-3103-FAA3-32D4-79BF87A7E821}.Debug|Any CPU.ActiveCfg = Debug|Any CPU
		{ED1A7172-3103-FAA3-32D4-79BF87A7E821}.Debug|Any CPU.Build.0 = Debug|Any CPU
		{ED1A7172-3103-FAA3-32D4-79BF87A7E821}.Release|Any CPU.ActiveCfg = Release|Any CPU
		{ED1A7172-3103-FAA3-32D4-79BF87A7E821}.Release|Any CPU.Build.0 = Release|Any CPU
	EndGlobalSection
	GlobalSection(SolutionProperties) = preSolution
		HideSolutionNode = FALSE
	EndGlobalSection
	GlobalSection(ExtensibilityGlobals) = postSolution
		SolutionGuid = {4836CA1C-D4AF-4328-AF23-A9A904CD673B}
	EndGlobalSection
EndGlobal
